
Microsoft Visual Studio Solution File, Format Version 12.00
# Visual Studio 15
VisualStudioVersion = 15.0.27130.2003
MinimumVisualStudioVersion = 10.0.40219.1
Project("{FAE04EC0-301F-11D3-BF4B-00C04F79EFBC}") = "Data", "Data\Data.csproj", "{A623127E-B20A-44ED-8A21-D782B27B24DC}"
EndProject
Project("{FAE04EC0-301F-11D3-BF4B-00C04F79EFBC}") = "HospitalApp", "HospitalApp\HospitalApp.csproj", "{54488D1D-DAEA-4079-B23A-F39D0BEFEBFB}"
EndProject
Project("{FAE04EC0-301F-11D3-BF4B-00C04F79EFBC}") = "BLL", "BLL\BLL.csproj", "{C04E8093-73F0-43E0-968C-F401B87F924D}"
EndProject
Global
	GlobalSection(SolutionConfigurationPlatforms) = preSolution
		Debug|Any CPU = Debug|Any CPU
		Release|Any CPU = Release|Any CPU
	EndGlobalSection
	GlobalSection(ProjectConfigurationPlatforms) = postSolution
		{A623127E-B20A-44ED-8A21-D782B27B24DC}.Debug|Any CPU.ActiveCfg = Debug|Any CPU
		{A623127E-B20A-44ED-8A21-D782B27B24DC}.Debug|Any CPU.Build.0 = Debug|Any CPU
		{A623127E-B20A-44ED-8A21-D782B27B24DC}.Release|Any CPU.ActiveCfg = Release|Any CPU
		{A623127E-B20A-44ED-8A21-D782B27B24DC}.Release|Any CPU.Build.0 = Release|Any CPU
		{54488D1D-DAEA-4079-B23A-F39D0BEFEBFB}.Debug|Any CPU.ActiveCfg = Debug|Any CPU
		{54488D1D-DAEA-4079-B23A-F39D0BEFEBFB}.Debug|Any CPU.Build.0 = Debug|Any CPU
		{54488D1D-DAEA-4079-B23A-F39D0BEFEBFB}.Release|Any CPU.ActiveCfg = Release|Any CPU
		{54488D1D-DAEA-4079-B23A-F39D0BEFEBFB}.Release|Any CPU.Build.0 = Release|Any CPU
		{C04E8093-73F0-43E0-968C-F401B87F924D}.Debug|Any CPU.ActiveCfg = Debug|Any CPU
		{C04E8093-73F0-43E0-968C-F401B87F924D}.Debug|Any CPU.Build.0 = Debug|Any CPU
		{C04E8093-73F0-43E0-968C-F401B87F924D}.Release|Any CPU.ActiveCfg = Release|Any CPU
		{C04E8093-73F0-43E0-968C-F401B87F924D}.Release|Any CPU.Build.0 = Release|Any CPU
	EndGlobalSection
	GlobalSection(SolutionProperties) = preSolution
		HideSolutionNode = FALSE
	EndGlobalSection
	GlobalSection(ExtensibilityGlobals) = postSolution
		SolutionGuid = {FD4783D9-154A-4883-B8A6-9EA4F36F6BC0}
	EndGlobalSection
EndGlobal
