
Microsoft Visual Studio Solution File, Format Version 12.00
# Visual Studio 15
VisualStudioVersion = 15.0.27004.2005
MinimumVisualStudioVersion = 10.0.40219.1
Project("{FAE04EC0-301F-11D3-BF4B-00C04F79EFBC}") = "Logic", "Logic\Logic.csproj", "{C0BE6229-9AA2-4D09-94D4-E9B14584687F}"
EndProject
Project("{FAE04EC0-301F-11D3-BF4B-00C04F79EFBC}") = "HospitalConsole", "HospitalApp\HospitalConsole.csproj", "{88EDE113-100B-4660-9822-D8CE4D8827AF}"
EndProject
Project("{FAE04EC0-301F-11D3-BF4B-00C04F79EFBC}") = "Data", "Data\Data.csproj", "{A623127E-B20A-44ED-8A21-D782B27B24DC}"
EndProject
Project("{FAE04EC0-301F-11D3-BF4B-00C04F79EFBC}") = "HospitalApp", "..\..\..\..\..\..\LAP\Save Your Eyes (SYE)\HospitalApp.csproj", "{3C983FB0-0B0E-4306-A942-1986F67E90BD}"
EndProject
Global
	GlobalSection(SolutionConfigurationPlatforms) = preSolution
		Debug|Any CPU = Debug|Any CPU
		Release|Any CPU = Release|Any CPU
	EndGlobalSection
	GlobalSection(ProjectConfigurationPlatforms) = postSolution
		{C0BE6229-9AA2-4D09-94D4-E9B14584687F}.Debug|Any CPU.ActiveCfg = Debug|Any CPU
		{C0BE6229-9AA2-4D09-94D4-E9B14584687F}.Debug|Any CPU.Build.0 = Debug|Any CPU
		{C0BE6229-9AA2-4D09-94D4-E9B14584687F}.Release|Any CPU.ActiveCfg = Release|Any CPU
		{C0BE6229-9AA2-4D09-94D4-E9B14584687F}.Release|Any CPU.Build.0 = Release|Any CPU
		{88EDE113-100B-4660-9822-D8CE4D8827AF}.Debug|Any CPU.ActiveCfg = Debug|Any CPU
		{88EDE113-100B-4660-9822-D8CE4D8827AF}.Debug|Any CPU.Build.0 = Debug|Any CPU
		{88EDE113-100B-4660-9822-D8CE4D8827AF}.Release|Any CPU.ActiveCfg = Release|Any CPU
		{88EDE113-100B-4660-9822-D8CE4D8827AF}.Release|Any CPU.Build.0 = Release|Any CPU
		{A623127E-B20A-44ED-8A21-D782B27B24DC}.Debug|Any CPU.ActiveCfg = Debug|Any CPU
		{A623127E-B20A-44ED-8A21-D782B27B24DC}.Debug|Any CPU.Build.0 = Debug|Any CPU
		{A623127E-B20A-44ED-8A21-D782B27B24DC}.Release|Any CPU.ActiveCfg = Release|Any CPU
		{A623127E-B20A-44ED-8A21-D782B27B24DC}.Release|Any CPU.Build.0 = Release|Any CPU
		{3C983FB0-0B0E-4306-A942-1986F67E90BD}.Debug|Any CPU.ActiveCfg = Debug|Any CPU
		{3C983FB0-0B0E-4306-A942-1986F67E90BD}.Debug|Any CPU.Build.0 = Debug|Any CPU
		{3C983FB0-0B0E-4306-A942-1986F67E90BD}.Release|Any CPU.ActiveCfg = Release|Any CPU
		{3C983FB0-0B0E-4306-A942-1986F67E90BD}.Release|Any CPU.Build.0 = Release|Any CPU
	EndGlobalSection
	GlobalSection(SolutionProperties) = preSolution
		HideSolutionNode = FALSE
	EndGlobalSection
	GlobalSection(ExtensibilityGlobals) = postSolution
		SolutionGuid = {FD4783D9-154A-4883-B8A6-9EA4F36F6BC0}
	EndGlobalSection
EndGlobal
